
Microsoft Visual Studio Solution File, Format Version 12.00
# Visual Studio Version 16
VisualStudioVersion = 16.0.29613.14
MinimumVisualStudioVersion = 10.0.40219.1
Project("{FAE04EC0-301F-11D3-BF4B-00C04F79EFBC}") = "LOG_VNTEC_FCT", "LOG_VNTEC_FCT\LOG_VNTEC_FCT.csproj", "{C764CD5D-FD83-4293-BFA1-27A2CDE9A55D}"
EndProject
Global
	GlobalSection(SolutionConfigurationPlatforms) = preSolution
		Debug|Any CPU = Debug|Any CPU
		Release|Any CPU = Release|Any CPU
	EndGlobalSection
	GlobalSection(ProjectConfigurationPlatforms) = postSolution
		{C764CD5D-FD83-4293-BFA1-27A2CDE9A55D}.Debug|Any CPU.ActiveCfg = Debug|Any CPU
		{C764CD5D-FD83-4293-BFA1-27A2CDE9A55D}.Debug|Any CPU.Build.0 = Debug|Any CPU
		{C764CD5D-FD83-4293-BFA1-27A2CDE9A55D}.Release|Any CPU.ActiveCfg = Release|Any CPU
		{C764CD5D-FD83-4293-BFA1-27A2CDE9A55D}.Release|Any CPU.Build.0 = Release|Any CPU
	EndGlobalSection
	GlobalSection(SolutionProperties) = preSolution
		HideSolutionNode = FALSE
	EndGlobalSection
	GlobalSection(ExtensibilityGlobals) = postSolution
		SolutionGuid = {8A92D82B-A8F5-4F71-B13C-9A9A085CDC9D}
	EndGlobalSection
EndGlobal
